
Microsoft Visual Studio Solution File, Format Version 12.00
# Visual Studio Version 17
VisualStudioVersion = 17.2.32505.173
MinimumVisualStudioVersion = 10.0.40219.1
Project("{8BC9CEB8-8B4A-11D0-8D11-00A0C91BC942}") = "3.3(c) oop", "3.3(c) oop\3.3(c) oop.vcxproj", "{BFAB602F-E9F6-4F76-98F9-94EE49E68822}"
EndProject
Project("{8BC9CEB8-8B4A-11D0-8D11-00A0C91BC942}") = "UnitTest1", "UnitTest1\UnitTest1.vcxproj", "{C5FED51D-BBB9-472C-86AF-725041791061}"
EndProject
Global
	GlobalSection(SolutionConfigurationPlatforms) = preSolution
		Debug|x64 = Debug|x64
		Debug|x86 = Debug|x86
		Release|x64 = Release|x64
		Release|x86 = Release|x86
	EndGlobalSection
	GlobalSection(ProjectConfigurationPlatforms) = postSolution
		{BFAB602F-E9F6-4F76-98F9-94EE49E68822}.Debug|x64.ActiveCfg = Debug|x64
		{BFAB602F-E9F6-4F76-98F9-94EE49E68822}.Debug|x64.Build.0 = Debug|x64
		{BFAB602F-E9F6-4F76-98F9-94EE49E68822}.Debug|x86.ActiveCfg = Debug|Win32
		{BFAB602F-E9F6-4F76-98F9-94EE49E68822}.Debug|x86.Build.0 = Debug|Win32
		{BFAB602F-E9F6-4F76-98F9-94EE49E68822}.Release|x64.ActiveCfg = Release|x64
		{BFAB602F-E9F6-4F76-98F9-94EE49E68822}.Release|x64.Build.0 = Release|x64
		{BFAB602F-E9F6-4F76-98F9-94EE49E68822}.Release|x86.ActiveCfg = Release|Win32
		{BFAB602F-E9F6-4F76-98F9-94EE49E68822}.Release|x86.Build.0 = Release|Win32
		{C5FED51D-BBB9-472C-86AF-725041791061}.Debug|x64.ActiveCfg = Debug|x64
		{C5FED51D-BBB9-472C-86AF-725041791061}.Debug|x64.Build.0 = Debug|x64
		{C5FED51D-BBB9-472C-86AF-725041791061}.Debug|x86.ActiveCfg = Debug|Win32
		{C5FED51D-BBB9-472C-86AF-725041791061}.Debug|x86.Build.0 = Debug|Win32
		{C5FED51D-BBB9-472C-86AF-725041791061}.Release|x64.ActiveCfg = Release|x64
		{C5FED51D-BBB9-472C-86AF-725041791061}.Release|x64.Build.0 = Release|x64
		{C5FED51D-BBB9-472C-86AF-725041791061}.Release|x86.ActiveCfg = Release|Win32
		{C5FED51D-BBB9-472C-86AF-725041791061}.Release|x86.Build.0 = Release|Win32
	EndGlobalSection
	GlobalSection(SolutionProperties) = preSolution
		HideSolutionNode = FALSE
	EndGlobalSection
	GlobalSection(ExtensibilityGlobals) = postSolution
		SolutionGuid = {A20DA507-669A-4579-9654-F7794C96EE75}
	EndGlobalSection
EndGlobal
